// !$*UTF8*$!
{
	archiveVersion = 1;
	classes = {
	};
	objectVersion = 46;
	objects = {

/* Begin PBXBuildFile section */
		41DFE42A1A8E686F000C3519 /* AppDelegate.swift in Sources */ = {isa = PBXBuildFile; fileRef = 41DFE4291A8E686F000C3519 /* AppDelegate.swift */; };
		41DFE42C1A8E686F000C3519 /* ViewController.swift in Sources */ = {isa = PBXBuildFile; fileRef = 41DFE42B1A8E686F000C3519 /* ViewController.swift */; };
		41DFE42F1A8E686F000C3519 /* Main.storyboard in Resources */ = {isa = PBXBuildFile; fileRef = 41DFE42D1A8E686F000C3519 /* Main.storyboard */; };
		41DFE4311A8E686F000C3519 /* Images.xcassets in Resources */ = {isa = PBXBuildFile; fileRef = 41DFE4301A8E686F000C3519 /* Images.xcassets */; };
		41DFE4341A8E686F000C3519 /* LaunchScreen.xib in Resources */ = {isa = PBXBuildFile; fileRef = 41DFE4321A8E686F000C3519 /* LaunchScreen.xib */; };
		41DFE4401A8E6870000C3519 /* SplittedEvents.swift in Sources */ = {isa = PBXBuildFile; fileRef = 41DFE43F1A8E6870000C3519 /* SplittedEvents.swift */; };
		41DFE44B1A8E6D6F000C3519 /* EventSource.swift in Sources */ = {isa = PBXBuildFile; fileRef = 41DFE44A1A8E6D6F000C3519 /* EventSource.swift */; };
		C1F518E21C99D96200713047 /* EventSourceTests.swift in Sources */ = {isa = PBXBuildFile; fileRef = C1F518E11C99D96200713047 /* EventSourceTests.swift */; };
		C1F518F21C99D9BB00713047 /* OHHTTPStubsResponse+JSON.m in Sources */ = {isa = PBXBuildFile; fileRef = C1F518E61C99D9BB00713047 /* OHHTTPStubsResponse+JSON.m */; };
		C1F518F31C99D9BB00713047 /* OHHTTPStubs+NSURLSessionConfiguration.m in Sources */ = {isa = PBXBuildFile; fileRef = C1F518E81C99D9BB00713047 /* OHHTTPStubs+NSURLSessionConfiguration.m */; };
		C1F518F41C99D9BB00713047 /* OHHTTPStubs.m in Sources */ = {isa = PBXBuildFile; fileRef = C1F518EA1C99D9BB00713047 /* OHHTTPStubs.m */; };
		C1F518F51C99D9BB00713047 /* OHHTTPStubsResponse.m in Sources */ = {isa = PBXBuildFile; fileRef = C1F518EC1C99D9BB00713047 /* OHHTTPStubsResponse.m */; };
		C1F518F61C99D9BB00713047 /* OHPathHelpers.m in Sources */ = {isa = PBXBuildFile; fileRef = C1F518EF1C99D9BB00713047 /* OHPathHelpers.m */; };
		C1F518F71C99D9BB00713047 /* OHHTTPStubsSwift.swift in Sources */ = {isa = PBXBuildFile; fileRef = C1F518F11C99D9BB00713047 /* OHHTTPStubsSwift.swift */; };
		C1F518FA1C99E3A300713047 /* ConfigurationTests.swift in Sources */ = {isa = PBXBuildFile; fileRef = C1F518F91C99E3A300713047 /* ConfigurationTests.swift */; };
		E0E27C231A9BB5A2008B9900 /* EventSource.swift in Sources */ = {isa = PBXBuildFile; fileRef = 41DFE44A1A8E6D6F000C3519 /* EventSource.swift */; };
/* End PBXBuildFile section */

/* Begin PBXContainerItemProxy section */
		41DFE43A1A8E6870000C3519 /* PBXContainerItemProxy */ = {
			isa = PBXContainerItemProxy;
			containerPortal = 41DFE41C1A8E686F000C3519 /* Project object */;
			proxyType = 1;
			remoteGlobalIDString = 41DFE4231A8E686F000C3519;
			remoteInfo = EventSource;
		};
/* End PBXContainerItemProxy section */

/* Begin PBXFileReference section */
		41DFE4241A8E686F000C3519 /* EventSource.app */ = {isa = PBXFileReference; explicitFileType = wrapper.application; includeInIndex = 0; path = EventSource.app; sourceTree = BUILT_PRODUCTS_DIR; };
		41DFE4281A8E686F000C3519 /* Info.plist */ = {isa = PBXFileReference; lastKnownFileType = text.plist.xml; path = Info.plist; sourceTree = "<group>"; };
		41DFE4291A8E686F000C3519 /* AppDelegate.swift */ = {isa = PBXFileReference; lastKnownFileType = sourcecode.swift; path = AppDelegate.swift; sourceTree = "<group>"; };
		41DFE42B1A8E686F000C3519 /* ViewController.swift */ = {isa = PBXFileReference; lastKnownFileType = sourcecode.swift; path = ViewController.swift; sourceTree = "<group>"; };
		41DFE42E1A8E686F000C3519 /* Base */ = {isa = PBXFileReference; lastKnownFileType = file.storyboard; name = Base; path = Base.lproj/Main.storyboard; sourceTree = "<group>"; };
		41DFE4301A8E686F000C3519 /* Images.xcassets */ = {isa = PBXFileReference; lastKnownFileType = folder.assetcatalog; path = Images.xcassets; sourceTree = "<group>"; };
		41DFE4331A8E686F000C3519 /* Base */ = {isa = PBXFileReference; lastKnownFileType = file.xib; name = Base; path = Base.lproj/LaunchScreen.xib; sourceTree = "<group>"; };
		41DFE4391A8E6870000C3519 /* EventSourceTests.xctest */ = {isa = PBXFileReference; explicitFileType = wrapper.cfbundle; includeInIndex = 0; path = EventSourceTests.xctest; sourceTree = BUILT_PRODUCTS_DIR; };
		41DFE43E1A8E6870000C3519 /* Info.plist */ = {isa = PBXFileReference; lastKnownFileType = text.plist.xml; path = Info.plist; sourceTree = "<group>"; };
		41DFE43F1A8E6870000C3519 /* SplittedEvents.swift */ = {isa = PBXFileReference; lastKnownFileType = sourcecode.swift; path = SplittedEvents.swift; sourceTree = "<group>"; };
		41DFE44A1A8E6D6F000C3519 /* EventSource.swift */ = {isa = PBXFileReference; fileEncoding = 4; lastKnownFileType = sourcecode.swift; path = EventSource.swift; sourceTree = "<group>"; };
		C1F518E11C99D96200713047 /* EventSourceTests.swift */ = {isa = PBXFileReference; fileEncoding = 4; lastKnownFileType = sourcecode.swift; path = EventSourceTests.swift; sourceTree = "<group>"; };
		C1F518E31C99D9BA00713047 /* EventSourceTests-Bridging-Header.h */ = {isa = PBXFileReference; lastKnownFileType = sourcecode.c.h; path = "EventSourceTests-Bridging-Header.h"; sourceTree = "<group>"; };
		C1F518E51C99D9BB00713047 /* OHHTTPStubsResponse+JSON.h */ = {isa = PBXFileReference; fileEncoding = 4; lastKnownFileType = sourcecode.c.h; path = "OHHTTPStubsResponse+JSON.h"; sourceTree = "<group>"; };
		C1F518E61C99D9BB00713047 /* OHHTTPStubsResponse+JSON.m */ = {isa = PBXFileReference; fileEncoding = 4; lastKnownFileType = sourcecode.c.objc; path = "OHHTTPStubsResponse+JSON.m"; sourceTree = "<group>"; };
		C1F518E81C99D9BB00713047 /* OHHTTPStubs+NSURLSessionConfiguration.m */ = {isa = PBXFileReference; fileEncoding = 4; lastKnownFileType = sourcecode.c.objc; path = "OHHTTPStubs+NSURLSessionConfiguration.m"; sourceTree = "<group>"; };
		C1F518E91C99D9BB00713047 /* OHHTTPStubs.h */ = {isa = PBXFileReference; fileEncoding = 4; lastKnownFileType = sourcecode.c.h; path = OHHTTPStubs.h; sourceTree = "<group>"; };
		C1F518EA1C99D9BB00713047 /* OHHTTPStubs.m */ = {isa = PBXFileReference; fileEncoding = 4; lastKnownFileType = sourcecode.c.objc; path = OHHTTPStubs.m; sourceTree = "<group>"; };
		C1F518EB1C99D9BB00713047 /* OHHTTPStubsResponse.h */ = {isa = PBXFileReference; fileEncoding = 4; lastKnownFileType = sourcecode.c.h; path = OHHTTPStubsResponse.h; sourceTree = "<group>"; };
		C1F518EC1C99D9BB00713047 /* OHHTTPStubsResponse.m */ = {isa = PBXFileReference; fileEncoding = 4; lastKnownFileType = sourcecode.c.objc; path = OHHTTPStubsResponse.m; sourceTree = "<group>"; };
		C1F518EE1C99D9BB00713047 /* OHPathHelpers.h */ = {isa = PBXFileReference; fileEncoding = 4; lastKnownFileType = sourcecode.c.h; path = OHPathHelpers.h; sourceTree = "<group>"; };
		C1F518EF1C99D9BB00713047 /* OHPathHelpers.m */ = {isa = PBXFileReference; fileEncoding = 4; lastKnownFileType = sourcecode.c.objc; path = OHPathHelpers.m; sourceTree = "<group>"; };
		C1F518F11C99D9BB00713047 /* OHHTTPStubsSwift.swift */ = {isa = PBXFileReference; fileEncoding = 4; lastKnownFileType = sourcecode.swift; path = OHHTTPStubsSwift.swift; sourceTree = "<group>"; };
		C1F518F81C99D9EC00713047 /* Compatibility.h */ = {isa = PBXFileReference; lastKnownFileType = sourcecode.c.h; path = Compatibility.h; sourceTree = "<group>"; };
		C1F518F91C99E3A300713047 /* ConfigurationTests.swift */ = {isa = PBXFileReference; fileEncoding = 4; lastKnownFileType = sourcecode.swift; path = ConfigurationTests.swift; sourceTree = "<group>"; };
/* End PBXFileReference section */

/* Begin PBXFrameworksBuildPhase section */
		41DFE4211A8E686F000C3519 /* Frameworks */ = {
			isa = PBXFrameworksBuildPhase;
			buildActionMask = 2147483647;
			files = (
			);
			runOnlyForDeploymentPostprocessing = 0;
		};
		41DFE4361A8E6870000C3519 /* Frameworks */ = {
			isa = PBXFrameworksBuildPhase;
			buildActionMask = 2147483647;
			files = (
			);
			runOnlyForDeploymentPostprocessing = 0;
		};
/* End PBXFrameworksBuildPhase section */

/* Begin PBXGroup section */
		41DFE41B1A8E686F000C3519 = {
			isa = PBXGroup;
			children = (
				41DFE4491A8E6B71000C3519 /* EventSource */,
				41DFE4261A8E686F000C3519 /* EventSourceExample */,
				41DFE43C1A8E6870000C3519 /* EventSourceTests */,
				41DFE4251A8E686F000C3519 /* Products */,
			);
			sourceTree = "<group>";
		};
		41DFE4251A8E686F000C3519 /* Products */ = {
			isa = PBXGroup;
			children = (
				41DFE4241A8E686F000C3519 /* EventSource.app */,
				41DFE4391A8E6870000C3519 /* EventSourceTests.xctest */,
			);
			name = Products;
			sourceTree = "<group>";
		};
		41DFE4261A8E686F000C3519 /* EventSourceExample */ = {
			isa = PBXGroup;
			children = (
				41DFE4291A8E686F000C3519 /* AppDelegate.swift */,
				41DFE42B1A8E686F000C3519 /* ViewController.swift */,
				41DFE42D1A8E686F000C3519 /* Main.storyboard */,
				41DFE4301A8E686F000C3519 /* Images.xcassets */,
				41DFE4321A8E686F000C3519 /* LaunchScreen.xib */,
				41DFE4271A8E686F000C3519 /* Supporting Files */,
			);
			path = EventSourceExample;
			sourceTree = "<group>";
		};
		41DFE4271A8E686F000C3519 /* Supporting Files */ = {
			isa = PBXGroup;
			children = (
				41DFE4281A8E686F000C3519 /* Info.plist */,
			);
			name = "Supporting Files";
			sourceTree = "<group>";
		};
		41DFE43C1A8E6870000C3519 /* EventSourceTests */ = {
			isa = PBXGroup;
			children = (
				C1F518DE1C99D8CC00713047 /* OHTTPStubs */,
				41DFE43F1A8E6870000C3519 /* SplittedEvents.swift */,
				C1F518E11C99D96200713047 /* EventSourceTests.swift */,
				C1F518F91C99E3A300713047 /* ConfigurationTests.swift */,
				41DFE43D1A8E6870000C3519 /* Supporting Files */,
			);
			path = EventSourceTests;
			sourceTree = "<group>";
		};
		41DFE43D1A8E6870000C3519 /* Supporting Files */ = {
			isa = PBXGroup;
			children = (
				41DFE43E1A8E6870000C3519 /* Info.plist */,
			);
			name = "Supporting Files";
			sourceTree = "<group>";
		};
		41DFE4491A8E6B71000C3519 /* EventSource */ = {
			isa = PBXGroup;
			children = (
				41DFE44A1A8E6D6F000C3519 /* EventSource.swift */,
			);
			path = EventSource;
			sourceTree = "<group>";
		};
		C1F518DE1C99D8CC00713047 /* OHTTPStubs */ = {
			isa = PBXGroup;
			children = (
				C1F518F81C99D9EC00713047 /* Compatibility.h */,
				C1F518E41C99D9BB00713047 /* JSON */,
				C1F518E71C99D9BB00713047 /* NSURLSession */,
				C1F518E91C99D9BB00713047 /* OHHTTPStubs.h */,
				C1F518EA1C99D9BB00713047 /* OHHTTPStubs.m */,
				C1F518EB1C99D9BB00713047 /* OHHTTPStubsResponse.h */,
				C1F518EC1C99D9BB00713047 /* OHHTTPStubsResponse.m */,
				C1F518ED1C99D9BB00713047 /* OHPathHelpers */,
				C1F518F01C99D9BB00713047 /* Swift */,
				C1F518E31C99D9BA00713047 /* EventSourceTests-Bridging-Header.h */,
			);
			path = OHTTPStubs;
			sourceTree = "<group>";
		};
		C1F518E41C99D9BB00713047 /* JSON */ = {
			isa = PBXGroup;
			children = (
				C1F518E51C99D9BB00713047 /* OHHTTPStubsResponse+JSON.h */,
				C1F518E61C99D9BB00713047 /* OHHTTPStubsResponse+JSON.m */,
			);
			path = JSON;
			sourceTree = "<group>";
		};
		C1F518E71C99D9BB00713047 /* NSURLSession */ = {
			isa = PBXGroup;
			children = (
				C1F518E81C99D9BB00713047 /* OHHTTPStubs+NSURLSessionConfiguration.m */,
			);
			path = NSURLSession;
			sourceTree = "<group>";
		};
		C1F518ED1C99D9BB00713047 /* OHPathHelpers */ = {
			isa = PBXGroup;
			children = (
				C1F518EE1C99D9BB00713047 /* OHPathHelpers.h */,
				C1F518EF1C99D9BB00713047 /* OHPathHelpers.m */,
			);
			path = OHPathHelpers;
			sourceTree = "<group>";
		};
		C1F518F01C99D9BB00713047 /* Swift */ = {
			isa = PBXGroup;
			children = (
				C1F518F11C99D9BB00713047 /* OHHTTPStubsSwift.swift */,
			);
			path = Swift;
			sourceTree = "<group>";
		};
/* End PBXGroup section */

/* Begin PBXNativeTarget section */
		41DFE4231A8E686F000C3519 /* EventSource */ = {
			isa = PBXNativeTarget;
			buildConfigurationList = 41DFE4431A8E6870000C3519 /* Build configuration list for PBXNativeTarget "EventSource" */;
			buildPhases = (
				41DFE4201A8E686F000C3519 /* Sources */,
				41DFE4211A8E686F000C3519 /* Frameworks */,
				41DFE4221A8E686F000C3519 /* Resources */,
			);
			buildRules = (
			);
			dependencies = (
			);
			name = EventSource;
			productName = EventSource;
			productReference = 41DFE4241A8E686F000C3519 /* EventSource.app */;
			productType = "com.apple.product-type.application";
		};
		41DFE4381A8E6870000C3519 /* EventSourceTests */ = {
			isa = PBXNativeTarget;
			buildConfigurationList = 41DFE4461A8E6870000C3519 /* Build configuration list for PBXNativeTarget "EventSourceTests" */;
			buildPhases = (
				41DFE4351A8E6870000C3519 /* Sources */,
				41DFE4361A8E6870000C3519 /* Frameworks */,
				41DFE4371A8E6870000C3519 /* Resources */,
			);
			buildRules = (
			);
			dependencies = (
				41DFE43B1A8E6870000C3519 /* PBXTargetDependency */,
			);
			name = EventSourceTests;
			productName = EventSourceTests;
			productReference = 41DFE4391A8E6870000C3519 /* EventSourceTests.xctest */;
			productType = "com.apple.product-type.bundle.unit-test";
		};
/* End PBXNativeTarget section */

/* Begin PBXProject section */
		41DFE41C1A8E686F000C3519 /* Project object */ = {
			isa = PBXProject;
			attributes = {
				LastSwiftMigration = 0700;
				LastSwiftUpdateCheck = 0720;
				LastUpgradeCheck = 0700;
				ORGANIZATIONNAME = Inaka;
				TargetAttributes = {
					41DFE4231A8E686F000C3519 = {
						CreatedOnToolsVersion = 6.0.1;
					};
					41DFE4381A8E6870000C3519 = {
						CreatedOnToolsVersion = 6.0.1;
						TestTargetID = 41DFE4231A8E686F000C3519;
					};
				};
			};
			buildConfigurationList = 41DFE41F1A8E686F000C3519 /* Build configuration list for PBXProject "EventSource" */;
			compatibilityVersion = "Xcode 3.2";
			developmentRegion = English;
			hasScannedForEncodings = 0;
			knownRegions = (
				en,
				Base,
			);
			mainGroup = 41DFE41B1A8E686F000C3519;
			productRefGroup = 41DFE4251A8E686F000C3519 /* Products */;
			projectDirPath = "";
			projectRoot = "";
			targets = (
				41DFE4231A8E686F000C3519 /* EventSource */,
				41DFE4381A8E6870000C3519 /* EventSourceTests */,
			);
		};
/* End PBXProject section */

/* Begin PBXResourcesBuildPhase section */
		41DFE4221A8E686F000C3519 /* Resources */ = {
			isa = PBXResourcesBuildPhase;
			buildActionMask = 2147483647;
			files = (
				41DFE42F1A8E686F000C3519 /* Main.storyboard in Resources */,
				41DFE4341A8E686F000C3519 /* LaunchScreen.xib in Resources */,
				41DFE4311A8E686F000C3519 /* Images.xcassets in Resources */,
			);
			runOnlyForDeploymentPostprocessing = 0;
		};
		41DFE4371A8E6870000C3519 /* Resources */ = {
			isa = PBXResourcesBuildPhase;
			buildActionMask = 2147483647;
			files = (
			);
			runOnlyForDeploymentPostprocessing = 0;
		};
/* End PBXResourcesBuildPhase section */

/* Begin PBXSourcesBuildPhase section */
		41DFE4201A8E686F000C3519 /* Sources */ = {
			isa = PBXSourcesBuildPhase;
			buildActionMask = 2147483647;
			files = (
				41DFE44B1A8E6D6F000C3519 /* EventSource.swift in Sources */,
				41DFE42C1A8E686F000C3519 /* ViewController.swift in Sources */,
				41DFE42A1A8E686F000C3519 /* AppDelegate.swift in Sources */,
			);
			runOnlyForDeploymentPostprocessing = 0;
		};
		41DFE4351A8E6870000C3519 /* Sources */ = {
			isa = PBXSourcesBuildPhase;
			buildActionMask = 2147483647;
			files = (
				C1F518F71C99D9BB00713047 /* OHHTTPStubsSwift.swift in Sources */,
				C1F518F41C99D9BB00713047 /* OHHTTPStubs.m in Sources */,
				C1F518E21C99D96200713047 /* EventSourceTests.swift in Sources */,
				41DFE4401A8E6870000C3519 /* SplittedEvents.swift in Sources */,
				C1F518FA1C99E3A300713047 /* ConfigurationTests.swift in Sources */,
				C1F518F21C99D9BB00713047 /* OHHTTPStubsResponse+JSON.m in Sources */,
				E0E27C231A9BB5A2008B9900 /* EventSource.swift in Sources */,
				C1F518F31C99D9BB00713047 /* OHHTTPStubs+NSURLSessionConfiguration.m in Sources */,
				C1F518F51C99D9BB00713047 /* OHHTTPStubsResponse.m in Sources */,
				C1F518F61C99D9BB00713047 /* OHPathHelpers.m in Sources */,
			);
			runOnlyForDeploymentPostprocessing = 0;
		};
/* End PBXSourcesBuildPhase section */

/* Begin PBXTargetDependency section */
		41DFE43B1A8E6870000C3519 /* PBXTargetDependency */ = {
			isa = PBXTargetDependency;
			target = 41DFE4231A8E686F000C3519 /* EventSource */;
			targetProxy = 41DFE43A1A8E6870000C3519 /* PBXContainerItemProxy */;
		};
/* End PBXTargetDependency section */

/* Begin PBXVariantGroup section */
		41DFE42D1A8E686F000C3519 /* Main.storyboard */ = {
			isa = PBXVariantGroup;
			children = (
				41DFE42E1A8E686F000C3519 /* Base */,
			);
			name = Main.storyboard;
			sourceTree = "<group>";
		};
		41DFE4321A8E686F000C3519 /* LaunchScreen.xib */ = {
			isa = PBXVariantGroup;
			children = (
				41DFE4331A8E686F000C3519 /* Base */,
			);
			name = LaunchScreen.xib;
			sourceTree = "<group>";
		};
/* End PBXVariantGroup section */

/* Begin XCBuildConfiguration section */
		41DFE4411A8E6870000C3519 /* Debug */ = {
			isa = XCBuildConfiguration;
			buildSettings = {
				ALWAYS_SEARCH_USER_PATHS = NO;
				CLANG_CXX_LANGUAGE_STANDARD = "gnu++0x";
				CLANG_CXX_LIBRARY = "libc++";
				CLANG_ENABLE_MODULES = YES;
				CLANG_ENABLE_OBJC_ARC = YES;
				CLANG_WARN_BOOL_CONVERSION = YES;
				CLANG_WARN_CONSTANT_CONVERSION = YES;
				CLANG_WARN_DIRECT_OBJC_ISA_USAGE = YES_ERROR;
				CLANG_WARN_EMPTY_BODY = YES;
				CLANG_WARN_ENUM_CONVERSION = YES;
				CLANG_WARN_INT_CONVERSION = YES;
				CLANG_WARN_OBJC_ROOT_CLASS = YES_ERROR;
				CLANG_WARN_UNREACHABLE_CODE = YES;
				CLANG_WARN__DUPLICATE_METHOD_MATCH = YES;
				"CODE_SIGN_IDENTITY[sdk=iphoneos*]" = "iPhone Developer";
				COPY_PHASE_STRIP = NO;
				ENABLE_STRICT_OBJC_MSGSEND = YES;
				ENABLE_TESTABILITY = YES;
				GCC_C_LANGUAGE_STANDARD = gnu99;
				GCC_DYNAMIC_NO_PIC = NO;
				GCC_OPTIMIZATION_LEVEL = 0;
				GCC_PREPROCESSOR_DEFINITIONS = (
					"DEBUG=1",
					"$(inherited)",
				);
				GCC_SYMBOLS_PRIVATE_EXTERN = NO;
				GCC_WARN_64_TO_32_BIT_CONVERSION = YES;
				GCC_WARN_ABOUT_RETURN_TYPE = YES_ERROR;
				GCC_WARN_UNDECLARED_SELECTOR = YES;
				GCC_WARN_UNINITIALIZED_AUTOS = YES_AGGRESSIVE;
				GCC_WARN_UNUSED_FUNCTION = YES;
				GCC_WARN_UNUSED_VARIABLE = YES;
				IPHONEOS_DEPLOYMENT_TARGET = 8.0;
				MTL_ENABLE_DEBUG_INFO = YES;
				ONLY_ACTIVE_ARCH = YES;
				SDKROOT = iphoneos;
				SWIFT_OPTIMIZATION_LEVEL = "-Onone";
			};
			name = Debug;
		};
		41DFE4421A8E6870000C3519 /* Release */ = {
			isa = XCBuildConfiguration;
			buildSettings = {
				ALWAYS_SEARCH_USER_PATHS = NO;
				CLANG_CXX_LANGUAGE_STANDARD = "gnu++0x";
				CLANG_CXX_LIBRARY = "libc++";
				CLANG_ENABLE_MODULES = YES;
				CLANG_ENABLE_OBJC_ARC = YES;
				CLANG_WARN_BOOL_CONVERSION = YES;
				CLANG_WARN_CONSTANT_CONVERSION = YES;
				CLANG_WARN_DIRECT_OBJC_ISA_USAGE = YES_ERROR;
				CLANG_WARN_EMPTY_BODY = YES;
				CLANG_WARN_ENUM_CONVERSION = YES;
				CLANG_WARN_INT_CONVERSION = YES;
				CLANG_WARN_OBJC_ROOT_CLASS = YES_ERROR;
				CLANG_WARN_UNREACHABLE_CODE = YES;
				CLANG_WARN__DUPLICATE_METHOD_MATCH = YES;
				"CODE_SIGN_IDENTITY[sdk=iphoneos*]" = "iPhone Developer";
				COPY_PHASE_STRIP = YES;
				ENABLE_NS_ASSERTIONS = NO;
				ENABLE_STRICT_OBJC_MSGSEND = YES;
				GCC_C_LANGUAGE_STANDARD = gnu99;
				GCC_WARN_64_TO_32_BIT_CONVERSION = YES;
				GCC_WARN_ABOUT_RETURN_TYPE = YES_ERROR;
				GCC_WARN_UNDECLARED_SELECTOR = YES;
				GCC_WARN_UNINITIALIZED_AUTOS = YES_AGGRESSIVE;
				GCC_WARN_UNUSED_FUNCTION = YES;
				GCC_WARN_UNUSED_VARIABLE = YES;
				IPHONEOS_DEPLOYMENT_TARGET = 8.0;
				MTL_ENABLE_DEBUG_INFO = NO;
				SDKROOT = iphoneos;
				VALIDATE_PRODUCT = YES;
			};
			name = Release;
		};
		41DFE4441A8E6870000C3519 /* Debug */ = {
			isa = XCBuildConfiguration;
			buildSettings = {
				ASSETCATALOG_COMPILER_APPICON_NAME = AppIcon;
				INFOPLIST_FILE = "$(SRCROOT)/EventSourceExample/Info.plist";
				LD_RUNPATH_SEARCH_PATHS = "$(inherited) @executable_path/Frameworks";
				PRODUCT_BUNDLE_IDENTIFIER = "com.inaka.$(PRODUCT_NAME:rfc1034identifier)";
				PRODUCT_NAME = "$(TARGET_NAME)";
			};
			name = Debug;
		};
		41DFE4451A8E6870000C3519 /* Release */ = {
			isa = XCBuildConfiguration;
			buildSettings = {
				ASSETCATALOG_COMPILER_APPICON_NAME = AppIcon;
				INFOPLIST_FILE = "$(SRCROOT)/EventSourceExample/Info.plist";
				LD_RUNPATH_SEARCH_PATHS = "$(inherited) @executable_path/Frameworks";
				PRODUCT_BUNDLE_IDENTIFIER = "com.inaka.$(PRODUCT_NAME:rfc1034identifier)";
				PRODUCT_NAME = "$(TARGET_NAME)";
			};
			name = Release;
		};
		41DFE4471A8E6870000C3519 /* Debug */ = {
			isa = XCBuildConfiguration;
			buildSettings = {
				CLANG_ENABLE_MODULES = YES;
				FRAMEWORK_SEARCH_PATHS = "$(inherited)";
				GCC_PREPROCESSOR_DEFINITIONS = (
					"DEBUG=1",
					"$(inherited)",
				);
				INFOPLIST_FILE = EventSourceTests/Info.plist;
				LD_RUNPATH_SEARCH_PATHS = "$(inherited) @executable_path/Frameworks @loader_path/Frameworks";
				PRODUCT_BUNDLE_IDENTIFIER = "com.inaka.$(PRODUCT_NAME:rfc1034identifier)";
				PRODUCT_NAME = "$(TARGET_NAME)";
				SWIFT_OBJC_BRIDGING_HEADER = "EventSourceTests/OHTTPStubs/EventSourceTests-Bridging-Header.h";
				SWIFT_OPTIMIZATION_LEVEL = "-Onone";
			};
			name = Debug;
		};
		41DFE4481A8E6870000C3519 /* Release */ = {
			isa = XCBuildConfiguration;
			buildSettings = {
				CLANG_ENABLE_MODULES = YES;
				FRAMEWORK_SEARCH_PATHS = "$(inherited)";
				INFOPLIST_FILE = EventSourceTests/Info.plist;
				LD_RUNPATH_SEARCH_PATHS = "$(inherited) @executable_path/Frameworks @loader_path/Frameworks";
				PRODUCT_BUNDLE_IDENTIFIER = "com.inaka.$(PRODUCT_NAME:rfc1034identifier)";
				PRODUCT_NAME = "$(TARGET_NAME)";
				SWIFT_OBJC_BRIDGING_HEADER = "EventSourceTests/OHTTPStubs/EventSourceTests-Bridging-Header.h";
			};
			name = Release;
		};
/* End XCBuildConfiguration section */

/* Begin XCConfigurationList section */
		41DFE41F1A8E686F000C3519 /* Build configuration list for PBXProject "EventSource" */ = {
			isa = XCConfigurationList;
			buildConfigurations = (
				41DFE4411A8E6870000C3519 /* Debug */,
				41DFE4421A8E6870000C3519 /* Release */,
			);
			defaultConfigurationIsVisible = 0;
			defaultConfigurationName = Release;
		};
		41DFE4431A8E6870000C3519 /* Build configuration list for PBXNativeTarget "EventSource" */ = {
			isa = XCConfigurationList;
			buildConfigurations = (
				41DFE4441A8E6870000C3519 /* Debug */,
				41DFE4451A8E6870000C3519 /* Release */,
			);
			defaultConfigurationIsVisible = 0;
			defaultConfigurationName = Release;
		};
		41DFE4461A8E6870000C3519 /* Build configuration list for PBXNativeTarget "EventSourceTests" */ = {
			isa = XCConfigurationList;
			buildConfigurations = (
				41DFE4471A8E6870000C3519 /* Debug */,
				41DFE4481A8E6870000C3519 /* Release */,
			);
			defaultConfigurationIsVisible = 0;
			defaultConfigurationName = Release;
		};
/* End XCConfigurationList section */
	};
	rootObject = 41DFE41C1A8E686F000C3519 /* Project object */;
}
